
Microsoft Visual Studio Solution File, Format Version 12.00
# Visual Studio Version 17
VisualStudioVersion = 17.14.36221.1
MinimumVisualStudioVersion = 10.0.40219.1
Project("{FAE04EC0-301F-11D3-BF4B-00C04F79EFBC}") = "CoreFlow.Domain", "CoreFlow.Domain\CoreFlow.Domain.csproj", "{4327D097-80D5-47A7-9F74-AF915B107EB3}"
EndProject
Project("{FAE04EC0-301F-11D3-BF4B-00C04F79EFBC}") = "CoreFlow.Application", "CoreFlow.Application\CoreFlow.Application.csproj", "{54DEB346-8FC5-4751-B9B9-EA6D39570FFD}"
EndProject
Project("{FAE04EC0-301F-11D3-BF4B-00C04F79EFBC}") = "CoreFlow.Infrastructure", "CoreFlow.Infrastructure\CoreFlow.Infrastructure.csproj", "{B887ADC9-F2F0-4779-BB67-6ED832034BA6}"
EndProject
Project("{FAE04EC0-301F-11D3-BF4B-00C04F79EFBC}") = "CoreFlow.Persistence", "CoreFlow.Persistence\CoreFlow.Persistence.csproj", "{71F380CA-81ED-4D72-9EE6-9095F2850873}"
EndProject
Project("{FAE04EC0-301F-11D3-BF4B-00C04F79EFBC}") = "CoreFlow.Presentation", "CoreFlow.Presentation\CoreFlow.Presentation.csproj", "{BB654D6E-FDDD-4517-B993-5F915393C140}"
EndProject
Global
	GlobalSection(SolutionConfigurationPlatforms) = preSolution
		Debug|Any CPU = Debug|Any CPU
		Release|Any CPU = Release|Any CPU
	EndGlobalSection
	GlobalSection(ProjectConfigurationPlatforms) = postSolution
		{4327D097-80D5-47A7-9F74-AF915B107EB3}.Debug|Any CPU.ActiveCfg = Debug|Any CPU
		{4327D097-80D5-47A7-9F74-AF915B107EB3}.Debug|Any CPU.Build.0 = Debug|Any CPU
		{4327D097-80D5-47A7-9F74-AF915B107EB3}.Release|Any CPU.ActiveCfg = Release|Any CPU
		{4327D097-80D5-47A7-9F74-AF915B107EB3}.Release|Any CPU.Build.0 = Release|Any CPU
		{54DEB346-8FC5-4751-B9B9-EA6D39570FFD}.Debug|Any CPU.ActiveCfg = Debug|Any CPU
		{54DEB346-8FC5-4751-B9B9-EA6D39570FFD}.Debug|Any CPU.Build.0 = Debug|Any CPU
		{54DEB346-8FC5-4751-B9B9-EA6D39570FFD}.Release|Any CPU.ActiveCfg = Release|Any CPU
		{54DEB346-8FC5-4751-B9B9-EA6D39570FFD}.Release|Any CPU.Build.0 = Release|Any CPU
		{B887ADC9-F2F0-4779-BB67-6ED832034BA6}.Debug|Any CPU.ActiveCfg = Debug|Any CPU
		{B887ADC9-F2F0-4779-BB67-6ED832034BA6}.Debug|Any CPU.Build.0 = Debug|Any CPU
		{B887ADC9-F2F0-4779-BB67-6ED832034BA6}.Release|Any CPU.ActiveCfg = Release|Any CPU
		{B887ADC9-F2F0-4779-BB67-6ED832034BA6}.Release|Any CPU.Build.0 = Release|Any CPU
		{71F380CA-81ED-4D72-9EE6-9095F2850873}.Debug|Any CPU.ActiveCfg = Debug|Any CPU
		{71F380CA-81ED-4D72-9EE6-9095F2850873}.Debug|Any CPU.Build.0 = Debug|Any CPU
		{71F380CA-81ED-4D72-9EE6-9095F2850873}.Release|Any CPU.ActiveCfg = Release|Any CPU
		{71F380CA-81ED-4D72-9EE6-9095F2850873}.Release|Any CPU.Build.0 = Release|Any CPU
		{BB654D6E-FDDD-4517-B993-5F915393C140}.Debug|Any CPU.ActiveCfg = Debug|Any CPU
		{BB654D6E-FDDD-4517-B993-5F915393C140}.Debug|Any CPU.Build.0 = Debug|Any CPU
		{BB654D6E-FDDD-4517-B993-5F915393C140}.Release|Any CPU.ActiveCfg = Release|Any CPU
		{BB654D6E-FDDD-4517-B993-5F915393C140}.Release|Any CPU.Build.0 = Release|Any CPU
	EndGlobalSection
	GlobalSection(SolutionProperties) = preSolution
		HideSolutionNode = FALSE
	EndGlobalSection
	GlobalSection(ExtensibilityGlobals) = postSolution
		SolutionGuid = {2EAD36B0-7031-4FCF-839D-8EBFC21233B9}
	EndGlobalSection
EndGlobal
